
Microsoft Visual Studio Solution File, Format Version 12.00
Project("{FAE04EC0-301F-11D3-BF4B-00C04F79EFBC}") = "DotnetExecutor", "DotnetExecutor\DotnetExecutor.csproj", "{62B86849-CBC6-4144-AAB2-9564A2EBAD27}"
EndProject
Project("{FAE04EC0-301F-11D3-BF4B-00C04F79EFBC}") = "ExecutorWatcher", "src\ExecutorWatcher\ExecutorWatcher.csproj", "{E4726EAE-BB44-47CC-BF66-3B13F004978D}"
EndProject
Project("{FAE04EC0-301F-11D3-BF4B-00C04F79EFBC}") = "Executor.Common", "src\Executor.Common\Executor.Common.csproj", "{5B851694-3775-433B-8155-58F854965244}"
EndProject
Project("{FAE04EC0-301F-11D3-BF4B-00C04F79EFBC}") = "Executor.Api", "src\Executor.Api\Executor.Api.csproj", "{B27A9191-99FE-477E-9C88-805761DC649F}"
EndProject
Project("{FAE04EC0-301F-11D3-BF4B-00C04F79EFBC}") = "Executor.Domain", "src\Executor.Domain\Executor.Domain.csproj", "{A6D0AFE0-F64E-4414-B00C-6322971ED495}"
EndProject
Project("{FAE04EC0-301F-11D3-BF4B-00C04F79EFBC}") = "Executor.Infrastructure", "src\Executor.Infrastructure\Executor.Infrastructure.csproj", "{5B7D227E-3253-4675-8277-45B2270CE33A}"
EndProject
Global
	GlobalSection(SolutionConfigurationPlatforms) = preSolution
		Debug|Any CPU = Debug|Any CPU
		Release|Any CPU = Release|Any CPU
	EndGlobalSection
	GlobalSection(ProjectConfigurationPlatforms) = postSolution
		{62B86849-CBC6-4144-AAB2-9564A2EBAD27}.Debug|Any CPU.ActiveCfg = Debug|Any CPU
		{62B86849-CBC6-4144-AAB2-9564A2EBAD27}.Debug|Any CPU.Build.0 = Debug|Any CPU
		{62B86849-CBC6-4144-AAB2-9564A2EBAD27}.Release|Any CPU.ActiveCfg = Release|Any CPU
		{62B86849-CBC6-4144-AAB2-9564A2EBAD27}.Release|Any CPU.Build.0 = Release|Any CPU
		{E4726EAE-BB44-47CC-BF66-3B13F004978D}.Debug|Any CPU.ActiveCfg = Debug|Any CPU
		{E4726EAE-BB44-47CC-BF66-3B13F004978D}.Debug|Any CPU.Build.0 = Debug|Any CPU
		{E4726EAE-BB44-47CC-BF66-3B13F004978D}.Release|Any CPU.ActiveCfg = Release|Any CPU
		{E4726EAE-BB44-47CC-BF66-3B13F004978D}.Release|Any CPU.Build.0 = Release|Any CPU
		{5B851694-3775-433B-8155-58F854965244}.Debug|Any CPU.ActiveCfg = Debug|Any CPU
		{5B851694-3775-433B-8155-58F854965244}.Debug|Any CPU.Build.0 = Debug|Any CPU
		{5B851694-3775-433B-8155-58F854965244}.Release|Any CPU.ActiveCfg = Release|Any CPU
		{5B851694-3775-433B-8155-58F854965244}.Release|Any CPU.Build.0 = Release|Any CPU
		{B27A9191-99FE-477E-9C88-805761DC649F}.Debug|Any CPU.ActiveCfg = Debug|Any CPU
		{B27A9191-99FE-477E-9C88-805761DC649F}.Debug|Any CPU.Build.0 = Debug|Any CPU
		{B27A9191-99FE-477E-9C88-805761DC649F}.Release|Any CPU.ActiveCfg = Release|Any CPU
		{B27A9191-99FE-477E-9C88-805761DC649F}.Release|Any CPU.Build.0 = Release|Any CPU
		{A6D0AFE0-F64E-4414-B00C-6322971ED495}.Debug|Any CPU.ActiveCfg = Debug|Any CPU
		{A6D0AFE0-F64E-4414-B00C-6322971ED495}.Debug|Any CPU.Build.0 = Debug|Any CPU
		{A6D0AFE0-F64E-4414-B00C-6322971ED495}.Release|Any CPU.ActiveCfg = Release|Any CPU
		{A6D0AFE0-F64E-4414-B00C-6322971ED495}.Release|Any CPU.Build.0 = Release|Any CPU
		{5B7D227E-3253-4675-8277-45B2270CE33A}.Debug|Any CPU.ActiveCfg = Debug|Any CPU
		{5B7D227E-3253-4675-8277-45B2270CE33A}.Debug|Any CPU.Build.0 = Debug|Any CPU
		{5B7D227E-3253-4675-8277-45B2270CE33A}.Release|Any CPU.ActiveCfg = Release|Any CPU
		{5B7D227E-3253-4675-8277-45B2270CE33A}.Release|Any CPU.Build.0 = Release|Any CPU
	EndGlobalSection
EndGlobal
